
Microsoft Visual Studio Solution File, Format Version 12.00
# Visual Studio 14
VisualStudioVersion = 14.0.23107.0
MinimumVisualStudioVersion = 10.0.40219.1
Project("{FAE04EC0-301F-11D3-BF4B-00C04F79EFBC}") = "DotKafka", "DotKafka\DotKafka.csproj", "{888F1673-269B-431D-A2A1-7A2549559389}"
EndProject
Project("{FAE04EC0-301F-11D3-BF4B-00C04F79EFBC}") = "DotKafka.Prototype", "DotKafka.Prototype\DotKafka.Prototype.csproj", "{3DC942A3-3DD1-48B4-A28E-1BC20AD9FEFE}"
EndProject
Project("{FAE04EC0-301F-11D3-BF4B-00C04F79EFBC}") = "DotKafka.Tests", "DotKafka.Tests\DotKafka.Tests.csproj", "{1D85D006-18CC-408A-A73C-60F051FF7B7D}"
EndProject
Global
	GlobalSection(SolutionConfigurationPlatforms) = preSolution
		Debug|Any CPU = Debug|Any CPU
		Release|Any CPU = Release|Any CPU
	EndGlobalSection
	GlobalSection(ProjectConfigurationPlatforms) = postSolution
		{888F1673-269B-431D-A2A1-7A2549559389}.Debug|Any CPU.ActiveCfg = Debug|Any CPU
		{888F1673-269B-431D-A2A1-7A2549559389}.Debug|Any CPU.Build.0 = Debug|Any CPU
		{888F1673-269B-431D-A2A1-7A2549559389}.Release|Any CPU.ActiveCfg = Release|Any CPU
		{888F1673-269B-431D-A2A1-7A2549559389}.Release|Any CPU.Build.0 = Release|Any CPU
		{3DC942A3-3DD1-48B4-A28E-1BC20AD9FEFE}.Debug|Any CPU.ActiveCfg = Debug|Any CPU
		{3DC942A3-3DD1-48B4-A28E-1BC20AD9FEFE}.Debug|Any CPU.Build.0 = Debug|Any CPU
		{3DC942A3-3DD1-48B4-A28E-1BC20AD9FEFE}.Release|Any CPU.ActiveCfg = Release|Any CPU
		{3DC942A3-3DD1-48B4-A28E-1BC20AD9FEFE}.Release|Any CPU.Build.0 = Release|Any CPU
		{1D85D006-18CC-408A-A73C-60F051FF7B7D}.Debug|Any CPU.ActiveCfg = Debug|Any CPU
		{1D85D006-18CC-408A-A73C-60F051FF7B7D}.Debug|Any CPU.Build.0 = Debug|Any CPU
		{1D85D006-18CC-408A-A73C-60F051FF7B7D}.Release|Any CPU.ActiveCfg = Release|Any CPU
		{1D85D006-18CC-408A-A73C-60F051FF7B7D}.Release|Any CPU.Build.0 = Release|Any CPU
	EndGlobalSection
	GlobalSection(SolutionProperties) = preSolution
		HideSolutionNode = FALSE
	EndGlobalSection
EndGlobal
